// !$*UTF8*$!
{
	archiveVersion = 1;
	classes = {
	};
	objectVersion = 50;
	objects = {

/* Begin PBXBuildFile section */
		6225BD1F26793B470028333E /* AppDelegate.swift in Sources */ = {isa = PBXBuildFile; fileRef = 6225BD1E26793B470028333E /* AppDelegate.swift */; };
		6225BD2126793B470028333E /* SceneDelegate.swift in Sources */ = {isa = PBXBuildFile; fileRef = 6225BD2026793B470028333E /* SceneDelegate.swift */; };
		6225BD2326793B470028333E /* ViewController.swift in Sources */ = {isa = PBXBuildFile; fileRef = 6225BD2226793B470028333E /* ViewController.swift */; };
		6225BD2626793B470028333E /* Main.storyboard in Resources */ = {isa = PBXBuildFile; fileRef = 6225BD2426793B470028333E /* Main.storyboard */; };
		6225BD2826793B480028333E /* Assets.xcassets in Resources */ = {isa = PBXBuildFile; fileRef = 6225BD2726793B480028333E /* Assets.xcassets */; };
		6225BD2B26793B480028333E /* LaunchScreen.storyboard in Resources */ = {isa = PBXBuildFile; fileRef = 6225BD2926793B480028333E /* LaunchScreen.storyboard */; };
		62CD31BF269664D20023BDDA /* BenFile.swift in Sources */ = {isa = PBXBuildFile; fileRef = 62CD31BE269664D20023BDDA /* BenFile.swift */; };
		62CD31C1269666940023BDDA /* SteveFile.swift in Sources */ = {isa = PBXBuildFile; fileRef = 62CD31C0269666940023BDDA /* SteveFile.swift */; };
/* End PBXBuildFile section */

/* Begin PBXFileReference section */
		6225BD1B26793B470028333E /* gitTesting.app */ = {isa = PBXFileReference; explicitFileType = wrapper.application; includeInIndex = 0; path = gitTesting.app; sourceTree = BUILT_PRODUCTS_DIR; };
		6225BD1E26793B470028333E /* AppDelegate.swift */ = {isa = PBXFileReference; lastKnownFileType = sourcecode.swift; path = AppDelegate.swift; sourceTree = "<group>"; };
		6225BD2026793B470028333E /* SceneDelegate.swift */ = {isa = PBXFileReference; lastKnownFileType = sourcecode.swift; path = SceneDelegate.swift; sourceTree = "<group>"; };
		6225BD2226793B470028333E /* ViewController.swift */ = {isa = PBXFileReference; lastKnownFileType = sourcecode.swift; path = ViewController.swift; sourceTree = "<group>"; };
		6225BD2526793B470028333E /* Base */ = {isa = PBXFileReference; lastKnownFileType = file.storyboard; name = Base; path = Base.lproj/Main.storyboard; sourceTree = "<group>"; };
		6225BD2726793B480028333E /* Assets.xcassets */ = {isa = PBXFileReference; lastKnownFileType = folder.assetcatalog; path = Assets.xcassets; sourceTree = "<group>"; };
		6225BD2A26793B480028333E /* Base */ = {isa = PBXFileReference; lastKnownFileType = file.storyboard; name = Base; path = Base.lproj/LaunchScreen.storyboard; sourceTree = "<group>"; };
		6225BD2C26793B480028333E /* Info.plist */ = {isa = PBXFileReference; lastKnownFileType = text.plist.xml; path = Info.plist; sourceTree = "<group>"; };
		62CD31BE269664D20023BDDA /* BenFile.swift */ = {isa = PBXFileReference; lastKnownFileType = sourcecode.swift; path = BenFile.swift; sourceTree = "<group>"; };
		62CD31C0269666940023BDDA /* SteveFile.swift */ = {isa = PBXFileReference; lastKnownFileType = sourcecode.swift; path = SteveFile.swift; sourceTree = "<group>"; };
/* End PBXFileReference section */

/* Begin PBXFrameworksBuildPhase section */
		6225BD1826793B470028333E /* Frameworks */ = {
			isa = PBXFrameworksBuildPhase;
			buildActionMask = 2147483647;
			files = (
			);
			runOnlyForDeploymentPostprocessing = 0;
		};
/* End PBXFrameworksBuildPhase section */

/* Begin PBXGroup section */
		6225BD1226793B470028333E = {
			isa = PBXGroup;
			children = (
				6225BD1D26793B470028333E /* gitTesting */,
				6225BD1C26793B470028333E /* Products */,
			);
			sourceTree = "<group>";
		};
		6225BD1C26793B470028333E /* Products */ = {
			isa = PBXGroup;
			children = (
				6225BD1B26793B470028333E /* gitTesting.app */,
			);
			name = Products;
			sourceTree = "<group>";
		};
		6225BD1D26793B470028333E /* gitTesting */ = {
			isa = PBXGroup;
			children = (
				6225BD1E26793B470028333E /* AppDelegate.swift */,
				6225BD2026793B470028333E /* SceneDelegate.swift */,
				6225BD2226793B470028333E /* ViewController.swift */,
				6225BD2426793B470028333E /* Main.storyboard */,
				6225BD2726793B480028333E /* Assets.xcassets */,
				6225BD2926793B480028333E /* LaunchScreen.storyboard */,
				6225BD2C26793B480028333E /* Info.plist */,
				62CD31BE269664D20023BDDA /* BenFile.swift */,
				62CD31C0269666940023BDDA /* SteveFile.swift */,
			);
			path = gitTesting;
			sourceTree = "<group>";
		};
/* End PBXGroup section */

/* Begin PBXNativeTarget section */
		6225BD1A26793B470028333E /* gitTesting */ = {
			isa = PBXNativeTarget;
			buildConfigurationList = 6225BD2F26793B480028333E /* Build configuration list for PBXNativeTarget "gitTesting" */;
			buildPhases = (
				6225BD1726793B470028333E /* Sources */,
				6225BD1826793B470028333E /* Frameworks */,
				6225BD1926793B470028333E /* Resources */,
			);
			buildRules = (
			);
			dependencies = (
			);
			name = gitTesting;
			productName = gitTesting;
			productReference = 6225BD1B26793B470028333E /* gitTesting.app */;
			productType = "com.apple.product-type.application";
		};
/* End PBXNativeTarget section */

/* Begin PBXProject section */
		6225BD1326793B470028333E /* Project object */ = {
			isa = PBXProject;
			attributes = {
				LastSwiftUpdateCheck = 1250;
				LastUpgradeCheck = 1250;
				TargetAttributes = {
					6225BD1A26793B470028333E = {
						CreatedOnToolsVersion = 12.5;
					};
				};
			};
			buildConfigurationList = 6225BD1626793B470028333E /* Build configuration list for PBXProject "gitTesting" */;
			compatibilityVersion = "Xcode 9.3";
			developmentRegion = en;
			hasScannedForEncodings = 0;
			knownRegions = (
				en,
				Base,
			);
			mainGroup = 6225BD1226793B470028333E;
			productRefGroup = 6225BD1C26793B470028333E /* Products */;
			projectDirPath = "";
			projectRoot = "";
			targets = (
				6225BD1A26793B470028333E /* gitTesting */,
			);
		};
/* End PBXProject section */

/* Begin PBXResourcesBuildPhase section */
		6225BD1926793B470028333E /* Resources */ = {
			isa = PBXResourcesBuildPhase;
			buildActionMask = 2147483647;
			files = (
				6225BD2B26793B480028333E /* LaunchScreen.storyboard in Resources */,
				6225BD2826793B480028333E /* Assets.xcassets in Resources */,
				6225BD2626793B470028333E /* Main.storyboard in Resources */,
			);
			runOnlyForDeploymentPostprocessing = 0;
		};
/* End PBXResourcesBuildPhase section */

/* Begin PBXSourcesBuildPhase section */
		6225BD1726793B470028333E /* Sources */ = {
			isa = PBXSourcesBuildPhase;
			buildActionMask = 2147483647;
			files = (
				6225BD2326793B470028333E /* ViewController.swift in Sources */,
				62CD31BF269664D20023BDDA /* BenFile.swift in Sources */,
				6225BD1F26793B470028333E /* AppDelegate.swift in Sources */,
				6225BD2126793B470028333E /* SceneDelegate.swift in Sources */,
				62CD31C1269666940023BDDA /* SteveFile.swift in Sources */,
			);
			runOnlyForDeploymentPostprocessing = 0;
		};
/* End PBXSourcesBuildPhase section */

/* Begin PBXVariantGroup section */
		6225BD2426793B470028333E /* Main.storyboard */ = {
			isa = PBXVariantGroup;
			children = (
				6225BD2526793B470028333E /* Base */,
			);
			name = Main.storyboard;
			sourceTree = "<group>";
		};
		6225BD2926793B480028333E /* LaunchScreen.storyboard */ = {
			isa = PBXVariantGroup;
			children = (
				6225BD2A26793B480028333E /* Base */,
			);
			name = LaunchScreen.storyboard;
			sourceTree = "<group>";
		};
/* End PBXVariantGroup section */

/* Begin XCBuildConfiguration section */
		6225BD2D26793B480028333E /* Debug */ = {
			isa = XCBuildConfiguration;
			buildSettings = {
				ALWAYS_SEARCH_USER_PATHS = NO;
				CLANG_ANALYZER_NONNULL = YES;
				CLANG_ANALYZER_NUMBER_OBJECT_CONVERSION = YES_AGGRESSIVE;
				CLANG_CXX_LANGUAGE_STANDARD = "gnu++14";
				CLANG_CXX_LIBRARY = "libc++";
				CLANG_ENABLE_MODULES = YES;
				CLANG_ENABLE_OBJC_ARC = YES;
				CLANG_ENABLE_OBJC_WEAK = YES;
				CLANG_WARN_BLOCK_CAPTURE_AUTORELEASING = YES;
				CLANG_WARN_BOOL_CONVERSION = YES;
				CLANG_WARN_COMMA = YES;
				CLANG_WARN_CONSTANT_CONVERSION = YES;
				CLANG_WARN_DEPRECATED_OBJC_IMPLEMENTATIONS = YES;
				CLANG_WARN_DIRECT_OBJC_ISA_USAGE = YES_ERROR;
				CLANG_WARN_DOCUMENTATION_COMMENTS = YES;
				CLANG_WARN_EMPTY_BODY = YES;
				CLANG_WARN_ENUM_CONVERSION = YES;
				CLANG_WARN_INFINITE_RECURSION = YES;
				CLANG_WARN_INT_CONVERSION = YES;
				CLANG_WARN_NON_LITERAL_NULL_CONVERSION = YES;
				CLANG_WARN_OBJC_IMPLICIT_RETAIN_SELF = YES;
				CLANG_WARN_OBJC_LITERAL_CONVERSION = YES;
				CLANG_WARN_OBJC_ROOT_CLASS = YES_ERROR;
				CLANG_WARN_QUOTED_INCLUDE_IN_FRAMEWORK_HEADER = YES;
				CLANG_WARN_RANGE_LOOP_ANALYSIS = YES;
				CLANG_WARN_STRICT_PROTOTYPES = YES;
				CLANG_WARN_SUSPICIOUS_MOVE = YES;
				CLANG_WARN_UNGUARDED_AVAILABILITY = YES_AGGRESSIVE;
				CLANG_WARN_UNREACHABLE_CODE = YES;
				CLANG_WARN__DUPLICATE_METHOD_MATCH = YES;
				COPY_PHASE_STRIP = NO;
				DEBUG_INFORMATION_FORMAT = dwarf;
				ENABLE_STRICT_OBJC_MSGSEND = YES;
				ENABLE_TESTABILITY = YES;
				GCC_C_LANGUAGE_STANDARD = gnu11;
				GCC_DYNAMIC_NO_PIC = NO;
				GCC_NO_COMMON_BLOCKS = YES;
				GCC_OPTIMIZATION_LEVEL = 0;
				GCC_PREPROCESSOR_DEFINITIONS = (
					"DEBUG=1",
					"$(inherited)",
				);
				GCC_WARN_64_TO_32_BIT_CONVERSION = YES;
				GCC_WARN_ABOUT_RETURN_TYPE = YES_ERROR;
				GCC_WARN_UNDECLARED_SELECTOR = YES;
				GCC_WARN_UNINITIALIZED_AUTOS = YES_AGGRESSIVE;
				GCC_WARN_UNUSED_FUNCTION = YES;
				GCC_WARN_UNUSED_VARIABLE = YES;
				IPHONEOS_DEPLOYMENT_TARGET = 14.5;
				MTL_ENABLE_DEBUG_INFO = INCLUDE_SOURCE;
				MTL_FAST_MATH = YES;
				ONLY_ACTIVE_ARCH = YES;
				SDKROOT = iphoneos;
				SWIFT_ACTIVE_COMPILATION_CONDITIONS = DEBUG;
				SWIFT_OPTIMIZATION_LEVEL = "-Onone";
			};
			name = Debug;
		};
		6225BD2E26793B480028333E /* Release */ = {
			isa = XCBuildConfiguration;
			buildSettings = {
				ALWAYS_SEARCH_USER_PATHS = NO;
				CLANG_ANALYZER_NONNULL = YES;
				CLANG_ANALYZER_NUMBER_OBJECT_CONVERSION = YES_AGGRESSIVE;
				CLANG_CXX_LANGUAGE_STANDARD = "gnu++14";
				CLANG_CXX_LIBRARY = "libc++";
				CLANG_ENABLE_MODULES = YES;
				CLANG_ENABLE_OBJC_ARC = YES;
				CLANG_ENABLE_OBJC_WEAK = YES;
				CLANG_WARN_BLOCK_CAPTURE_AUTORELEASING = YES;
				CLANG_WARN_BOOL_CONVERSION = YES;
				CLANG_WARN_COMMA = YES;
				CLANG_WARN_CONSTANT_CONVERSION = YES;
				CLANG_WARN_DEPRECATED_OBJC_IMPLEMENTATIONS = YES;
				CLANG_WARN_DIRECT_OBJC_ISA_USAGE = YES_ERROR;
				CLANG_WARN_DOCUMENTATION_COMMENTS = YES;
				CLANG_WARN_EMPTY_BODY = YES;
				CLANG_WARN_ENUM_CONVERSION = YES;
				CLANG_WARN_INFINITE_RECURSION = YES;
				CLANG_WARN_INT_CONVERSION = YES;
				CLANG_WARN_NON_LITERAL_NULL_CONVERSION = YES;
				CLANG_WARN_OBJC_IMPLICIT_RETAIN_SELF = YES;
				CLANG_WARN_OBJC_LITERAL_CONVERSION = YES;
				CLANG_WARN_OBJC_ROOT_CLASS = YES_ERROR;
				CLANG_WARN_QUOTED_INCLUDE_IN_FRAMEWORK_HEADER = YES;
				CLANG_WARN_RANGE_LOOP_ANALYSIS = YES;
				CLANG_WARN_STRICT_PROTOTYPES = YES;
				CLANG_WARN_SUSPICIOUS_MOVE = YES;
				CLANG_WARN_UNGUARDED_AVAILABILITY = YES_AGGRESSIVE;
				CLANG_WARN_UNREACHABLE_CODE = YES;
				CLANG_WARN__DUPLICATE_METHOD_MATCH = YES;
				COPY_PHASE_STRIP = NO;
				DEBUG_INFORMATION_FORMAT = "dwarf-with-dsym";
				ENABLE_NS_ASSERTIONS = NO;
				ENABLE_STRICT_OBJC_MSGSEND = YES;
				GCC_C_LANGUAGE_STANDARD = gnu11;
				GCC_NO_COMMON_BLOCKS = YES;
				GCC_WARN_64_TO_32_BIT_CONVERSION = YES;
				GCC_WARN_ABOUT_RETURN_TYPE = YES_ERROR;
				GCC_WARN_UNDECLARED_SELECTOR = YES;
				GCC_WARN_UNINITIALIZED_AUTOS = YES_AGGRESSIVE;
				GCC_WARN_UNUSED_FUNCTION = YES;
				GCC_WARN_UNUSED_VARIABLE = YES;
				IPHONEOS_DEPLOYMENT_TARGET = 14.5;
				MTL_ENABLE_DEBUG_INFO = NO;
				MTL_FAST_MATH = YES;
				SDKROOT = iphoneos;
				SWIFT_COMPILATION_MODE = wholemodule;
				SWIFT_OPTIMIZATION_LEVEL = "-O";
				VALIDATE_PRODUCT = YES;
			};
			name = Release;
		};
		6225BD3026793B480028333E /* Debug */ = {
			isa = XCBuildConfiguration;
			buildSettings = {
				ASSETCATALOG_COMPILER_APPICON_NAME = AppIcon;
				ASSETCATALOG_COMPILER_GLOBAL_ACCENT_COLOR_NAME = AccentColor;
				CODE_SIGN_STYLE = Automatic;
				DEVELOPMENT_TEAM = QYHXM7HJ4V;
				INFOPLIST_FILE = gitTesting/Info.plist;
				LD_RUNPATH_SEARCH_PATHS = (
					"$(inherited)",
					"@executable_path/Frameworks",
				);
				PRODUCT_BUNDLE_IDENTIFIER = com.bentincher.gitTesting;
				PRODUCT_NAME = "$(TARGET_NAME)";
				SWIFT_VERSION = 5.0;
				TARGETED_DEVICE_FAMILY = "1,2";
			};
			name = Debug;
		};
		6225BD3126793B480028333E /* Release */ = {
			isa = XCBuildConfiguration;
			buildSettings = {
				ASSETCATALOG_COMPILER_APPICON_NAME = AppIcon;
				ASSETCATALOG_COMPILER_GLOBAL_ACCENT_COLOR_NAME = AccentColor;
				CODE_SIGN_STYLE = Automatic;
				DEVELOPMENT_TEAM = QYHXM7HJ4V;
				INFOPLIST_FILE = gitTesting/Info.plist;
				LD_RUNPATH_SEARCH_PATHS = (
					"$(inherited)",
					"@executable_path/Frameworks",
				);
				PRODUCT_BUNDLE_IDENTIFIER = com.bentincher.gitTesting;
				PRODUCT_NAME = "$(TARGET_NAME)";
				SWIFT_VERSION = 5.0;
				TARGETED_DEVICE_FAMILY = "1,2";
			};
			name = Release;
		};
/* End XCBuildConfiguration section */

/* Begin XCConfigurationList section */
		6225BD1626793B470028333E /* Build configuration list for PBXProject "gitTesting" */ = {
			isa = XCConfigurationList;
			buildConfigurations = (
				6225BD2D26793B480028333E /* Debug */,
				6225BD2E26793B480028333E /* Release */,
			);
			defaultConfigurationIsVisible = 0;
			defaultConfigurationName = Release;
		};
		6225BD2F26793B480028333E /* Build configuration list for PBXNativeTarget "gitTesting" */ = {
			isa = XCConfigurationList;
			buildConfigurations = (
				6225BD3026793B480028333E /* Debug */,
				6225BD3126793B480028333E /* Release */,
			);
			defaultConfigurationIsVisible = 0;
			defaultConfigurationName = Release;
		};
/* End XCConfigurationList section */
	};
	rootObject = 6225BD1326793B470028333E /* Project object */;
}
